Microsoft Visual Studio Solution File, Format Version 12.00
# Visual Studio Version 17
VisualStudioVersion = 17.5.2.0
MinimumVisualStudioVersion = 10.0.40219.1
Project("{FAE04EC0-301F-11D3-BF4B-00C04F79EFBC}") = "DBmcp", "DBmcp.csproj", "{AAEA219D-55DC-40E9-F7D9-9AA133B78382}"
EndProject
Global
	GlobalSection(SolutionConfigurationPlatforms) = preSolution
		Debug|Any CPU = Debug|Any CPU
		Release|Any CPU = Release|Any CPU
	EndGlobalSection
	GlobalSection(ProjectConfigurationPlatforms) = postSolution
		{AAEA219D-55DC-40E9-F7D9-9AA133B78382}.Debug|Any CPU.ActiveCfg = Debug|Any CPU
		{AAEA219D-55DC-40E9-F7D9-9AA133B78382}.Debug|Any CPU.Build.0 = Debug|Any CPU
		{AAEA219D-55DC-40E9-F7D9-9AA133B78382}.Release|Any CPU.ActiveCfg = Release|Any CPU
		{AAEA219D-55DC-40E9-F7D9-9AA133B78382}.Release|Any CPU.Build.0 = Release|Any CPU
	EndGlobalSection
	GlobalSection(SolutionProperties) = preSolution
		HideSolutionNode = FALSE
	EndGlobalSection
	GlobalSection(ExtensibilityGlobals) = postSolution
		SolutionGuid = {157CBEB5-8248-492E-8CF1-8008D2D8679A}
	EndGlobalSection
EndGlobal
